
Microsoft Visual Studio Solution File, Format Version 12.00
# Visual Studio Version 17
VisualStudioVersion = 17.4.33205.214
MinimumVisualStudioVersion = 10.0.40219.1
Project("{FAE04EC0-301F-11D3-BF4B-00C04F79EFBC}") = "HomeWork5", "HomeWork5\HomeWork5.csproj", "{EC8FB75F-ECCB-440C-8AFB-905C1091C8F8}"
EndProject
Global
	GlobalSection(SolutionConfigurationPlatforms) = preSolution
		Debug|Any CPU = Debug|Any CPU
		Release|Any CPU = Release|Any CPU
	EndGlobalSection
	GlobalSection(ProjectConfigurationPlatforms) = postSolution
		{EC8FB75F-ECCB-440C-8AFB-905C1091C8F8}.Debug|Any CPU.ActiveCfg = Debug|Any CPU
		{EC8FB75F-ECCB-440C-8AFB-905C1091C8F8}.Debug|Any CPU.Build.0 = Debug|Any CPU
		{EC8FB75F-ECCB-440C-8AFB-905C1091C8F8}.Release|Any CPU.ActiveCfg = Release|Any CPU
		{EC8FB75F-ECCB-440C-8AFB-905C1091C8F8}.Release|Any CPU.Build.0 = Release|Any CPU
	EndGlobalSection
	GlobalSection(SolutionProperties) = preSolution
		HideSolutionNode = FALSE
	EndGlobalSection
	GlobalSection(ExtensibilityGlobals) = postSolution
		SolutionGuid = {53D60652-6493-4493-BAB8-D1EEE3172762}
	EndGlobalSection
EndGlobal
